
Microsoft Visual Studio Solution File, Format Version 12.00
# 
Project("{FAE04EC0-301F-11D3-BF4B-00C04F79EFBC}") = "TamoJunto.API", "TamoJunto.API\TamoJunto.API.csproj", "{577DCB4F-01A0-433D-A1EB-5CF46303F415}"
EndProject
Project("{FAE04EC0-301F-11D3-BF4B-00C04F79EFBC}") = "TamoJunto.Domain", "TamoJunto.Domain\TamoJunto.Domain.csproj", "{8C71354D-E44E-4EA3-9C3B-9D4746053EF9}"
EndProject
Project("{FAE04EC0-301F-11D3-BF4B-00C04F79EFBC}") = "TamoJunto.Infra", "TamoJunto.Infra\TamoJunto.Infra.csproj", "{92CEFFE3-FC5C-44B9-93C0-D07DCE4AAE79}"
EndProject
Project("{FAE04EC0-301F-11D3-BF4B-00C04F79EFBC}") = "TamoJunto.API.Tests", "TamoJunto.API.Tests\TamoJunto.API.Tests.csproj", "{69B917C4-B989-48BA-AD2F-14BD88CCD705}"
EndProject
Global
	GlobalSection(SolutionConfigurationPlatforms) = preSolution
		Debug|Any CPU = Debug|Any CPU
		Release|Any CPU = Release|Any CPU
	EndGlobalSection
	GlobalSection(ProjectConfigurationPlatforms) = postSolution
		{577DCB4F-01A0-433D-A1EB-5CF46303F415}.Debug|Any CPU.ActiveCfg = Debug|Any CPU
		{577DCB4F-01A0-433D-A1EB-5CF46303F415}.Debug|Any CPU.Build.0 = Debug|Any CPU
		{577DCB4F-01A0-433D-A1EB-5CF46303F415}.Release|Any CPU.ActiveCfg = Release|Any CPU
		{577DCB4F-01A0-433D-A1EB-5CF46303F415}.Release|Any CPU.Build.0 = Release|Any CPU
		{8C71354D-E44E-4EA3-9C3B-9D4746053EF9}.Debug|Any CPU.ActiveCfg = Debug|Any CPU
		{8C71354D-E44E-4EA3-9C3B-9D4746053EF9}.Debug|Any CPU.Build.0 = Debug|Any CPU
		{8C71354D-E44E-4EA3-9C3B-9D4746053EF9}.Release|Any CPU.ActiveCfg = Release|Any CPU
		{8C71354D-E44E-4EA3-9C3B-9D4746053EF9}.Release|Any CPU.Build.0 = Release|Any CPU
		{92CEFFE3-FC5C-44B9-93C0-D07DCE4AAE79}.Debug|Any CPU.ActiveCfg = Debug|Any CPU
		{92CEFFE3-FC5C-44B9-93C0-D07DCE4AAE79}.Debug|Any CPU.Build.0 = Debug|Any CPU
		{92CEFFE3-FC5C-44B9-93C0-D07DCE4AAE79}.Release|Any CPU.ActiveCfg = Release|Any CPU
		{92CEFFE3-FC5C-44B9-93C0-D07DCE4AAE79}.Release|Any CPU.Build.0 = Release|Any CPU
		{69B917C4-B989-48BA-AD2F-14BD88CCD705}.Debug|Any CPU.ActiveCfg = Debug|Any CPU
		{69B917C4-B989-48BA-AD2F-14BD88CCD705}.Debug|Any CPU.Build.0 = Debug|Any CPU
		{69B917C4-B989-48BA-AD2F-14BD88CCD705}.Release|Any CPU.ActiveCfg = Release|Any CPU
		{69B917C4-B989-48BA-AD2F-14BD88CCD705}.Release|Any CPU.Build.0 = Release|Any CPU
	EndGlobalSection
EndGlobal
